
Microsoft Visual Studio Solution File, Format Version 12.00
# Visual Studio Version 17
VisualStudioVersion = 17.11.35431.28
MinimumVisualStudioVersion = 10.0.40219.1
Project("{FAE04EC0-301F-11D3-BF4B-00C04F79EFBC}") = "Web.MeuPortfolio", "Web.MeuPortfolio\Web.MeuPortfolio.csproj", "{C333B1D8-1541-40F4-B749-13D9C17FF679}"
EndProject
Global
	GlobalSection(SolutionConfigurationPlatforms) = preSolution
		Debug|Any CPU = Debug|Any CPU
		Release|Any CPU = Release|Any CPU
	EndGlobalSection
	GlobalSection(ProjectConfigurationPlatforms) = postSolution
		{C333B1D8-1541-40F4-B749-13D9C17FF679}.Debug|Any CPU.ActiveCfg = Debug|Any CPU
		{C333B1D8-1541-40F4-B749-13D9C17FF679}.Debug|Any CPU.Build.0 = Debug|Any CPU
		{C333B1D8-1541-40F4-B749-13D9C17FF679}.Release|Any CPU.ActiveCfg = Release|Any CPU
		{C333B1D8-1541-40F4-B749-13D9C17FF679}.Release|Any CPU.Build.0 = Release|Any CPU
	EndGlobalSection
	GlobalSection(SolutionProperties) = preSolution
		HideSolutionNode = FALSE
	EndGlobalSection
	GlobalSection(ExtensibilityGlobals) = postSolution
		SolutionGuid = {942F3618-A715-4B57-B4B3-B276CC25570E}
	EndGlobalSection
EndGlobal
